# THIS IS AN AUTOGENERATED FILE. DO NOT EDIT THIS FILE DIRECTLY.
# yarn lockfile v1
accepts@^1.3.0:
  version "1.3.3"
  resolved "https://registry.yarnpkg.com/accepts/-/accepts-1.3.3.tgz#c3ca7434938648c3e0d9c1e328dd68b622c284ca"
  dependencies:
    mime-types "~2.1.11"
    negotiator "0.6.1"

bytes@2.4.0:
  version "2.4.0"
  resolved "https://registry.yarnpkg.com/bytes/-/bytes-2.4.0.tgz#7d97196f9d5baf7f6935e25985549edd2a6c2339"

content-type@^1.0.0:
  version "1.0.2"
  resolved "https://registry.yarnpkg.com/content-type/-/content-type-1.0.2.tgz#b7d113aee7a8dd27bd21133c4dc2529df1721eed"

deprecated-decorator@^0.1.6:
  version "0.1.6"
  resolved "https://registry.yarnpkg.com/deprecated-decorator/-/deprecated-decorator-0.1.6.tgz#00966317b7a12fe92f3cc831f7583af329b86c37"

express-graphql:
  version "0.5.4"
  resolved "https://registry.yarnpkg.com/express-graphql/-/express-graphql-0.5.4.tgz#413477e3efda6d7437e788f7ef6c994914e79f88"
  dependencies:
    accepts "^1.3.0"
    content-type "^1.0.0"
    http-errors "^1.3.0"
    raw-body "^2.1.0"

graphql:
  version "0.7.2"
  resolved "https://registry.yarnpkg.com/graphql/-/graphql-0.7.2.tgz#cc894a32823399b8a0cb012b9e9ecad35cd00f72"
  dependencies:
    iterall "1.0.2"

graphql-tools:
  version "0.8.0"
  resolved "https://registry.yarnpkg.com/graphql-tools/-/graphql-tools-0.8.0.tgz#5708257a398f9a3ff6f9d6e362aac184cd4323a0"
  dependencies:
    deprecated-decorator "^0.1.6"
    lodash "^4.3.0"
    node-uuid "^1.4.7"
  optionalDependencies:
    typed-graphql "^1.0.2"

http-errors@^1.3.0:
  version "1.5.0"
  resolved "https://registry.yarnpkg.com/http-errors/-/http-errors-1.5.0.tgz#b1cb3d8260fd8e2386cad3189045943372d48211"
  dependencies:
    inherits "2.0.1"
    setprototypeof "1.0.1"
    statuses ">= 1.3.0 < 2"

iconv-lite@0.4.13:
  version "0.4.13"
  resolved "https://registry.yarnpkg.com/iconv-lite/-/iconv-lite-0.4.13.tgz#1f88aba4ab0b1508e8312acc39345f36e992e2f2"

inherits@2.0.1:
  version "2.0.1"
  resolved "https://registry.yarnpkg.com/inherits/-/inherits-2.0.1.tgz#b17d08d326b4423e568eff719f91b0b1cbdf69f1"

iterall@1.0.2:
  version "1.0.2"
  resolved "https://registry.yarnpkg.com/iterall/-/iterall-1.0.2.tgz#41a2e96ce9eda5e61c767ee5dc312373bb046e91"

lodash@^2.4.1:
  version "2.4.2"
  resolved "https://registry.yarnpkg.com/lodash/-/lodash-2.4.2.tgz#fadd834b9683073da179b3eae6d9c0d15053f73e"

lodash@^4.3.0:
  version "4.16.4"
  resolved "https://registry.yarnpkg.com/lodash/-/lodash-4.16.4.tgz#01ce306b9bad1319f2a5528674f88297aeb70127"

mime-db@~1.24.0:
  version "1.24.0"
  resolved "https://registry.yarnpkg.com/mime-db/-/mime-db-1.24.0.tgz#e2d13f939f0016c6e4e9ad25a8652f126c467f0c"

mime-types@~2.1.11:
  version "2.1.12"
  resolved "https://registry.yarnpkg.com/mime-types/-/mime-types-2.1.12.tgz#152ba256777020dd4663f54c2e7bc26381e71729"
  dependencies:
    mime-db "~1.24.0"

negotiator@0.6.1:
  version "0.6.1"
  resolved "https://registry.yarnpkg.com/negotiator/-/negotiator-0.6.1.tgz#2b327184e8992101177b28563fb5e7102acd0ca9"

node-uuid@^1.4.7:
  version "1.4.7"
  resolved "https://registry.yarnpkg.com/node-uuid/-/node-uuid-1.4.7.tgz#6da5a17668c4b3dd59623bda11cf7fa4c1f60a6f"

only@0.0.2:
  version "0.0.2"
  resolved "https://registry.yarnpkg.com/only/-/only-0.0.2.tgz#2afde84d03e50b9a8edc444e30610a70295edfb4"

raw-body@^2.1.0:
  version "2.1.7"
  resolved "https://registry.yarnpkg.com/raw-body/-/raw-body-2.1.7.tgz#adfeace2e4fb3098058014d08c072dcc59758774"
  dependencies:
    bytes "2.4.0"
    iconv-lite "0.4.13"
    unpipe "1.0.0"

require-all:
  version "2.0.0"
  resolved "https://registry.yarnpkg.com/require-all/-/require-all-2.0.0.tgz#762a1f00c2fc1e24361981d4c1da31911f5fbe5d"

sand-grain:
  version "1.2.1"
  resolved "https://registry.yarnpkg.com/sand-grain/-/sand-grain-1.2.1.tgz#459b1d6c2fb38a8af28e02a8e985f1f3f3b64f50"
  dependencies:
    lodash "^2.4.1"
    only "0.0.2"

setprototypeof@1.0.1:
  version "1.0.1"
  resolved "https://registry.yarnpkg.com/setprototypeof/-/setprototypeof-1.0.1.tgz#52009b27888c4dc48f591949c0a8275834c1ca7e"

"statuses@>= 1.3.0 < 2":
  version "1.3.0"
  resolved "https://registry.yarnpkg.com/statuses/-/statuses-1.3.0.tgz#8e55758cb20e7682c1f4fce8dcab30bf01d1e07a"

typed-graphql@^1.0.2:
  version "1.0.2"
  resolved "https://registry.yarnpkg.com/typed-graphql/-/typed-graphql-1.0.2.tgz#4c0f788775d552df4d4ec3d73f25469252f40fb8"

unpipe@1.0.0:
  version "1.0.0"
  resolved "https://registry.yarnpkg.com/unpipe/-/unpipe-1.0.0.tgz#b2bf4ee8514aae6165b4817829d21b2ef49904ec"

